<?xml version="1.0" encoding="utf-8"?>
<Project ToolsVersion="4.0" xmlns="http://schemas.microsoft.com/developer/msbuild/2003">
  <ItemGroup>
    <Filter Include="Source Files">
      <UniqueIdentifier>{4FC737F1-C7A5-4376-A066-2A32D752A2FF}</UniqueIdentifier>
      <Extensions>cpp;c;cc;cxx;def;odl;idl;hpj;bat;asm;asmx</Extensions>
    </Filter>
    <Filter Include="Header Files">
      <UniqueIdentifier>{93995380-89BD-4b04-88EB-625FBE52EBFB}</UniqueIdentifier>
      <Extensions>h;hh;hpp;hxx;hm;inl;inc;xsd</Extensions>
    </Filter>
    <Filter Include="Header Files\Resource Files">
      <UniqueIdentifier>{67DA6AB6-F800-4c08-8B7A-83BB121AAD01}</UniqueIdentifier>
      <Extensions>rc;ico;cur;bmp;dlg;rc2;rct;bin;rgs;gif;jpg;jpeg;jpe;resx;tiff;tif;png;wav;mfcribbon-ms</Extensions>
    </Filter>
  </ItemGroup>
  <ItemGroup>
    <None Include="Bomberman.ino" />
  </ItemGroup>
  <ItemGroup>
    <ClInclude Include="__vm\.Bomberman.vsarduino.h">
      <Filter>Header Files</Filter>
    </ClInclude>
    <ClInclude Include="Libraries\Levels\Levels.h">
      <Filter>Header Files</Filter>
    </ClInclude>
    <ClInclude Include="Libraries\Includes\Includes.h">
      <Filter>Header Files</Filter>
    </ClInclude>
    <ClInclude Include="Libraries\LCD\LCD.h">
      <Filter>Header Files</Filter>
    </ClInclude>
    <ClInclude Include="Libraries\Nunchuck\Nunchuck.h">
      <Filter>Header Files</Filter>
    </ClInclude>
    <ClInclude Include="Libraries\DebugTools\DebugTools.h">
      <Filter>Header Files</Filter>
    </ClInclude>
    <ClInclude Include="Libraries\Player\Player.h">
      <Filter>Header Files</Filter>
    </ClInclude>
    <ClInclude Include="Libraries\Bomb\Bomb.h">
      <Filter>Header Files</Filter>
    </ClInclude>
    <ClInclude Include="Libraries\IR\IR.h">
      <Filter>Header Files</Filter>
    </ClInclude>
    <ClInclude Include="Libraries\Hit\checkHit.h">
      <Filter>Header Files</Filter>
    </ClInclude>
    <ClInclude Include="Libraries\Menu\Menu.h">
      <Filter>Header Files</Filter>
    </ClInclude>
    <ClInclude Include="Libraries\Sprites\Sprites.h">
      <Filter>Header Files</Filter>
    </ClInclude>
    <ClInclude Include="Libraries\Potmeter\Potmeter.h">
      <Filter>Header Files</Filter>
    </ClInclude>
  </ItemGroup>
  <ItemGroup>
    <ClCompile Include="Libraries\Levels\Levels.cpp">
      <Filter>Header Files\Resource Files</Filter>
    </ClCompile>
    <ClCompile Include="Libraries\LCD\LCD.cpp">
      <Filter>Header Files\Resource Files</Filter>
    </ClCompile>
    <ClCompile Include="Libraries\Nunchuck\Nunchuck.cpp">
      <Filter>Header Files\Resource Files</Filter>
    </ClCompile>
    <ClCompile Include="Libraries\DebugTools\DebugTools.cpp">
      <Filter>Header Files\Resource Files</Filter>
    </ClCompile>
    <ClCompile Include="Libraries\Player\Player.cpp">
      <Filter>Header Files\Resource Files</Filter>
    </ClCompile>
    <ClCompile Include="Libraries\Bomb\Bomb.cpp">
      <Filter>Header Files\Resource Files</Filter>
    </ClCompile>
    <ClCompile Include="Libraries\IR\IR.cpp">
      <Filter>Header Files\Resource Files</Filter>
    </ClCompile>
    <ClCompile Include="Libraries\Hit\checkHit.cpp">
      <Filter>Header Files\Resource Files</Filter>
    </ClCompile>
    <ClCompile Include="Libraries\Menu\Menu.cpp">
      <Filter>Header Files\Resource Files</Filter>
    </ClCompile>
    <ClCompile Include="Libraries\Sprites\Sprites.cpp">
      <Filter>Header Files\Resource Files</Filter>
    </ClCompile>
    <ClCompile Include="Libraries\Potmeter\Potmeter.cpp">
      <Filter>Header Files\Resource Files</Filter>
    </ClCompile>
  </ItemGroup>
</Project>